
Microsoft Visual Studio Solution File, Format Version 12.00
# Visual Studio Version 17
VisualStudioVersion = 17.5.33414.496
MinimumVisualStudioVersion = 10.0.40219.1
Project("{9A19103F-16F7-4668-BE54-9A1E7A4F7556}") = "NumericalMethods.App", "Newton’s interpolating polynomial\NumericalMethods.App.csproj", "{A4D3048B-A8BA-4C54-9A7D-F82FE299229F}"
EndProject
Project("{9A19103F-16F7-4668-BE54-9A1E7A4F7556}") = "Newton’s_interpolating_polynomial.Data", "Newton’s_interpolating_polynomial.Data\Newton’s_interpolating_polynomial.Data.csproj", "{CBFFB7E6-3F23-4BC9-BC5C-13E9A08AE07E}"
EndProject
Global
	GlobalSection(SolutionConfigurationPlatforms) = preSolution
		Debug|Any CPU = Debug|Any CPU
		Release|Any CPU = Release|Any CPU
	EndGlobalSection
	GlobalSection(ProjectConfigurationPlatforms) = postSolution
		{A4D3048B-A8BA-4C54-9A7D-F82FE299229F}.Debug|Any CPU.ActiveCfg = Debug|Any CPU
		{A4D3048B-A8BA-4C54-9A7D-F82FE299229F}.Debug|Any CPU.Build.0 = Debug|Any CPU
		{A4D3048B-A8BA-4C54-9A7D-F82FE299229F}.Release|Any CPU.ActiveCfg = Release|Any CPU
		{A4D3048B-A8BA-4C54-9A7D-F82FE299229F}.Release|Any CPU.Build.0 = Release|Any CPU
		{CBFFB7E6-3F23-4BC9-BC5C-13E9A08AE07E}.Debug|Any CPU.ActiveCfg = Debug|Any CPU
		{CBFFB7E6-3F23-4BC9-BC5C-13E9A08AE07E}.Debug|Any CPU.Build.0 = Debug|Any CPU
		{CBFFB7E6-3F23-4BC9-BC5C-13E9A08AE07E}.Release|Any CPU.ActiveCfg = Release|Any CPU
		{CBFFB7E6-3F23-4BC9-BC5C-13E9A08AE07E}.Release|Any CPU.Build.0 = Release|Any CPU
	EndGlobalSection
	GlobalSection(SolutionProperties) = preSolution
		HideSolutionNode = FALSE
	EndGlobalSection
	GlobalSection(ExtensibilityGlobals) = postSolution
		SolutionGuid = {D4A45AB3-1C04-4715-B122-D122DF45D4F2}
	EndGlobalSection
EndGlobal
